
Microsoft Visual Studio Solution File, Format Version 12.00
# Visual Studio Version 17
VisualStudioVersion = 17.3.32825.248
MinimumVisualStudioVersion = 10.0.40219.1
Project("{9A19103F-16F7-4668-BE54-9A1E7A4F7556}") = "printMyName", "printMyName.csproj", "{61FFA595-21D1-4CB2-A79F-BAB30766716A}"
EndProject
Project("{9A19103F-16F7-4668-BE54-9A1E7A4F7556}") = "repeatMyName", "..\repeatMyName\repeatMyName.csproj", "{58A0E10C-122E-4D0E-8F08-BBFC9CFD2CE1}"
EndProject
Project("{9A19103F-16F7-4668-BE54-9A1E7A4F7556}") = "charsInString", "..\stringAnalysis\charsInString.csproj", "{9C2B69E7-64C3-44EA-8377-0DA5F1EEF132}"
EndProject
Project("{9A19103F-16F7-4668-BE54-9A1E7A4F7556}") = "bodyMassIndex", "..\bodyMassIndex\bodyMassIndex.csproj", "{AFC892C4-88A9-4FCA-8603-704808A3C742}"
EndProject
Project("{FAE04EC0-301F-11D3-BF4B-00C04F79EFBC}") = "spacesInString", "..\spacesInString\spacesInString.csproj", "{B7902E46-DE41-4C51-93C2-960930251ED5}"
EndProject
Global
	GlobalSection(SolutionConfigurationPlatforms) = preSolution
		Debug|Any CPU = Debug|Any CPU
		Release|Any CPU = Release|Any CPU
	EndGlobalSection
	GlobalSection(ProjectConfigurationPlatforms) = postSolution
		{61FFA595-21D1-4CB2-A79F-BAB30766716A}.Debug|Any CPU.ActiveCfg = Debug|Any CPU
		{61FFA595-21D1-4CB2-A79F-BAB30766716A}.Debug|Any CPU.Build.0 = Debug|Any CPU
		{61FFA595-21D1-4CB2-A79F-BAB30766716A}.Release|Any CPU.ActiveCfg = Release|Any CPU
		{61FFA595-21D1-4CB2-A79F-BAB30766716A}.Release|Any CPU.Build.0 = Release|Any CPU
		{58A0E10C-122E-4D0E-8F08-BBFC9CFD2CE1}.Debug|Any CPU.ActiveCfg = Debug|Any CPU
		{58A0E10C-122E-4D0E-8F08-BBFC9CFD2CE1}.Debug|Any CPU.Build.0 = Debug|Any CPU
		{58A0E10C-122E-4D0E-8F08-BBFC9CFD2CE1}.Release|Any CPU.ActiveCfg = Release|Any CPU
		{58A0E10C-122E-4D0E-8F08-BBFC9CFD2CE1}.Release|Any CPU.Build.0 = Release|Any CPU
		{9C2B69E7-64C3-44EA-8377-0DA5F1EEF132}.Debug|Any CPU.ActiveCfg = Debug|Any CPU
		{9C2B69E7-64C3-44EA-8377-0DA5F1EEF132}.Debug|Any CPU.Build.0 = Debug|Any CPU
		{9C2B69E7-64C3-44EA-8377-0DA5F1EEF132}.Release|Any CPU.ActiveCfg = Release|Any CPU
		{9C2B69E7-64C3-44EA-8377-0DA5F1EEF132}.Release|Any CPU.Build.0 = Release|Any CPU
		{AFC892C4-88A9-4FCA-8603-704808A3C742}.Debug|Any CPU.ActiveCfg = Debug|Any CPU
		{AFC892C4-88A9-4FCA-8603-704808A3C742}.Debug|Any CPU.Build.0 = Debug|Any CPU
		{AFC892C4-88A9-4FCA-8603-704808A3C742}.Release|Any CPU.ActiveCfg = Release|Any CPU
		{AFC892C4-88A9-4FCA-8603-704808A3C742}.Release|Any CPU.Build.0 = Release|Any CPU
		{B7902E46-DE41-4C51-93C2-960930251ED5}.Debug|Any CPU.ActiveCfg = Debug|Any CPU
		{B7902E46-DE41-4C51-93C2-960930251ED5}.Debug|Any CPU.Build.0 = Debug|Any CPU
		{B7902E46-DE41-4C51-93C2-960930251ED5}.Release|Any CPU.ActiveCfg = Release|Any CPU
		{B7902E46-DE41-4C51-93C2-960930251ED5}.Release|Any CPU.Build.0 = Release|Any CPU
	EndGlobalSection
	GlobalSection(SolutionProperties) = preSolution
		HideSolutionNode = FALSE
	EndGlobalSection
	GlobalSection(ExtensibilityGlobals) = postSolution
		SolutionGuid = {3B8C5144-6097-489C-80D9-FABA15F3D04C}
	EndGlobalSection
EndGlobal
